
Microsoft Visual Studio Solution File, Format Version 12.00
# Visual Studio 2012
Project("{FAE04EC0-301F-11D3-BF4B-00C04F79EFBC}") = "SampleMobileApplication", "SampleMobileApplication\SampleMobileApplication.csproj", "{DD684EF8-5A9D-4931-8621-67C5735A92FD}"
EndProject
Global
	GlobalSection(SolutionConfigurationPlatforms) = preSolution
		Debug|Any CPU = Debug|Any CPU
		Release|Any CPU = Release|Any CPU
	EndGlobalSection
	GlobalSection(ProjectConfigurationPlatforms) = postSolution
		{DD684EF8-5A9D-4931-8621-67C5735A92FD}.Debug|Any CPU.ActiveCfg = Debug|Any CPU
		{DD684EF8-5A9D-4931-8621-67C5735A92FD}.Debug|Any CPU.Build.0 = Debug|Any CPU
		{DD684EF8-5A9D-4931-8621-67C5735A92FD}.Release|Any CPU.ActiveCfg = Release|Any CPU
		{DD684EF8-5A9D-4931-8621-67C5735A92FD}.Release|Any CPU.Build.0 = Release|Any CPU
	EndGlobalSection
	GlobalSection(SolutionProperties) = preSolution
		HideSolutionNode = FALSE
	EndGlobalSection
EndGlobal
