
Microsoft Visual Studio Solution File, Format Version 12.00
# Visual Studio 2010
Project("{FAE04EC0-301F-11D3-BF4B-00C04F79EFBC}") = "UnitTests", "UnitTests\UnitTests.csproj", "{C0A18BF4-B56B-4E32-B1CD-2FF9EA43526F}"
EndProject
Project("{FAE04EC0-301F-11D3-BF4B-00C04F79EFBC}") = "Ebuy.Core", "Core\Ebuy.Core.csproj", "{EFD6F198-A4E8-419E-ABBC-8573B29ACC42}"
EndProject
Project("{FAE04EC0-301F-11D3-BF4B-00C04F79EFBC}") = "CustomExtensions", "CustomExtensions\CustomExtensions.csproj", "{6F8D99D7-A303-4BA7-9E29-7CCCD510FE78}"
EndProject
Project("{FAE04EC0-301F-11D3-BF4B-00C04F79EFBC}") = "Ebuy.Website", "Website\Ebuy.Website.csproj", "{D739D3C5-5C15-4D36-B177-818DC676D57A}"
EndProject
Global
	GlobalSection(SolutionConfigurationPlatforms) = preSolution
		Debug|Any CPU = Debug|Any CPU
		Release|Any CPU = Release|Any CPU
	EndGlobalSection
	GlobalSection(ProjectConfigurationPlatforms) = postSolution
		{C0A18BF4-B56B-4E32-B1CD-2FF9EA43526F}.Debug|Any CPU.ActiveCfg = Debug|Any CPU
		{C0A18BF4-B56B-4E32-B1CD-2FF9EA43526F}.Debug|Any CPU.Build.0 = Debug|Any CPU
		{C0A18BF4-B56B-4E32-B1CD-2FF9EA43526F}.Release|Any CPU.ActiveCfg = Release|Any CPU
		{C0A18BF4-B56B-4E32-B1CD-2FF9EA43526F}.Release|Any CPU.Build.0 = Release|Any CPU
		{EFD6F198-A4E8-419E-ABBC-8573B29ACC42}.Debug|Any CPU.ActiveCfg = Debug|Any CPU
		{EFD6F198-A4E8-419E-ABBC-8573B29ACC42}.Debug|Any CPU.Build.0 = Debug|Any CPU
		{EFD6F198-A4E8-419E-ABBC-8573B29ACC42}.Release|Any CPU.ActiveCfg = Release|Any CPU
		{EFD6F198-A4E8-419E-ABBC-8573B29ACC42}.Release|Any CPU.Build.0 = Release|Any CPU
		{6F8D99D7-A303-4BA7-9E29-7CCCD510FE78}.Debug|Any CPU.ActiveCfg = Debug|Any CPU
		{6F8D99D7-A303-4BA7-9E29-7CCCD510FE78}.Debug|Any CPU.Build.0 = Debug|Any CPU
		{6F8D99D7-A303-4BA7-9E29-7CCCD510FE78}.Release|Any CPU.ActiveCfg = Release|Any CPU
		{6F8D99D7-A303-4BA7-9E29-7CCCD510FE78}.Release|Any CPU.Build.0 = Release|Any CPU
		{D739D3C5-5C15-4D36-B177-818DC676D57A}.Debug|Any CPU.ActiveCfg = Debug|Any CPU
		{D739D3C5-5C15-4D36-B177-818DC676D57A}.Debug|Any CPU.Build.0 = Debug|Any CPU
		{D739D3C5-5C15-4D36-B177-818DC676D57A}.Release|Any CPU.ActiveCfg = Release|Any CPU
		{D739D3C5-5C15-4D36-B177-818DC676D57A}.Release|Any CPU.Build.0 = Release|Any CPU
	EndGlobalSection
	GlobalSection(SolutionProperties) = preSolution
		HideSolutionNode = FALSE
	EndGlobalSection
EndGlobal
